
Microsoft Visual Studio Solution File, Format Version 12.00
# Visual Studio Version 17
VisualStudioVersion = 17.0.31903.59
MinimumVisualStudioVersion = 10.0.40219.1
Project("{9A19103F-16F7-4668-BE54-9A1E7A4F7556}") = "AirportApp", "AirportApp\AirportApp.csproj", "{631FAFEB-91FE-449A-8F3A-AF7BF50FE253}"
EndProject
Project("{9A19103F-16F7-4668-BE54-9A1E7A4F7556}") = "AirportAPI", "AirportAPI\AirportAPI.csproj", "{206E53B8-5F75-416C-AF46-DC1E0ECC1DAD}"
EndProject
Project("{9A19103F-16F7-4668-BE54-9A1E7A4F7556}") = "AirportAPI.Models", "AirportAPI.Models\AirportAPI.Models.csproj", "{5313C0F1-2078-4D69-97A5-1AF5C8A622E8}"
EndProject
Project("{FAE04EC0-301F-11D3-BF4B-00C04F79EFBC}") = "AirportAPI.Tests", "AirportAPI.Tests\AirportAPI.Tests.csproj", "{CE82D233-B47D-48CA-B2CB-F249221F53AB}"
EndProject
Global
	GlobalSection(SolutionConfigurationPlatforms) = preSolution
		Debug|Any CPU = Debug|Any CPU
		Release|Any CPU = Release|Any CPU
	EndGlobalSection
	GlobalSection(ProjectConfigurationPlatforms) = postSolution
		{631FAFEB-91FE-449A-8F3A-AF7BF50FE253}.Debug|Any CPU.ActiveCfg = Debug|Any CPU
		{631FAFEB-91FE-449A-8F3A-AF7BF50FE253}.Debug|Any CPU.Build.0 = Debug|Any CPU
		{631FAFEB-91FE-449A-8F3A-AF7BF50FE253}.Release|Any CPU.ActiveCfg = Release|Any CPU
		{631FAFEB-91FE-449A-8F3A-AF7BF50FE253}.Release|Any CPU.Build.0 = Release|Any CPU
		{206E53B8-5F75-416C-AF46-DC1E0ECC1DAD}.Debug|Any CPU.ActiveCfg = Debug|Any CPU
		{206E53B8-5F75-416C-AF46-DC1E0ECC1DAD}.Debug|Any CPU.Build.0 = Debug|Any CPU
		{206E53B8-5F75-416C-AF46-DC1E0ECC1DAD}.Release|Any CPU.ActiveCfg = Release|Any CPU
		{206E53B8-5F75-416C-AF46-DC1E0ECC1DAD}.Release|Any CPU.Build.0 = Release|Any CPU
		{5313C0F1-2078-4D69-97A5-1AF5C8A622E8}.Debug|Any CPU.ActiveCfg = Debug|Any CPU
		{5313C0F1-2078-4D69-97A5-1AF5C8A622E8}.Debug|Any CPU.Build.0 = Debug|Any CPU
		{5313C0F1-2078-4D69-97A5-1AF5C8A622E8}.Release|Any CPU.ActiveCfg = Release|Any CPU
		{5313C0F1-2078-4D69-97A5-1AF5C8A622E8}.Release|Any CPU.Build.0 = Release|Any CPU
		{CE82D233-B47D-48CA-B2CB-F249221F53AB}.Debug|Any CPU.ActiveCfg = Debug|Any CPU
		{CE82D233-B47D-48CA-B2CB-F249221F53AB}.Debug|Any CPU.Build.0 = Debug|Any CPU
		{CE82D233-B47D-48CA-B2CB-F249221F53AB}.Release|Any CPU.ActiveCfg = Release|Any CPU
		{CE82D233-B47D-48CA-B2CB-F249221F53AB}.Release|Any CPU.Build.0 = Release|Any CPU
	EndGlobalSection
	GlobalSection(SolutionProperties) = preSolution
		HideSolutionNode = FALSE
	EndGlobalSection
	GlobalSection(ExtensibilityGlobals) = postSolution
		SolutionGuid = {4F774513-806C-4F1D-8483-6F3FBA572C00}
	EndGlobalSection
EndGlobal
